
Microsoft Visual Studio Solution File, Format Version 12.00
# Visual Studio Version 16
VisualStudioVersion = 16.0.31229.75
MinimumVisualStudioVersion = 10.0.40219.1
Project("{9A19103F-16F7-4668-BE54-9A1E7A4F7556}") = "AInq.Helpers.Polly", "src\AInq.Helpers.Polly\AInq.Helpers.Polly.csproj", "{ADD00137-7169-4AAB-9DAF-B970FFBB2D15}"
EndProject
Project("{2150E333-8FDC-42A3-9474-1A3956D46DE8}") = "lib", "lib", "{3D8A346B-DB86-48A5-AEA4-2E245AA5FDE0}"
EndProject
Project("{2150E333-8FDC-42A3-9474-1A3956D46DE8}") = "misc", "misc", "{BD586680-53FE-4EDE-9081-F57360D37855}"
	ProjectSection(SolutionItems) = preProject
		.gitignore = .gitignore
		AInq.Helpers.Polly.sln.DotSettings = AInq.Helpers.Polly.sln.DotSettings
		LICENSE = LICENSE
		README.md = README.md
	EndProjectSection
EndProject
Global
	GlobalSection(SolutionConfigurationPlatforms) = preSolution
		Debug|Any CPU = Debug|Any CPU
		Release|Any CPU = Release|Any CPU
	EndGlobalSection
	GlobalSection(ProjectConfigurationPlatforms) = postSolution
		{ADD00137-7169-4AAB-9DAF-B970FFBB2D15}.Debug|Any CPU.ActiveCfg = Debug|Any CPU
		{ADD00137-7169-4AAB-9DAF-B970FFBB2D15}.Debug|Any CPU.Build.0 = Debug|Any CPU
		{ADD00137-7169-4AAB-9DAF-B970FFBB2D15}.Release|Any CPU.ActiveCfg = Release|Any CPU
		{ADD00137-7169-4AAB-9DAF-B970FFBB2D15}.Release|Any CPU.Build.0 = Release|Any CPU
	EndGlobalSection
	GlobalSection(SolutionProperties) = preSolution
		HideSolutionNode = FALSE
	EndGlobalSection
	GlobalSection(NestedProjects) = preSolution
		{ADD00137-7169-4AAB-9DAF-B970FFBB2D15} = {3D8A346B-DB86-48A5-AEA4-2E245AA5FDE0}
	EndGlobalSection
	GlobalSection(ExtensibilityGlobals) = postSolution
		SolutionGuid = {E728C6A1-95A0-4292-B2C8-4D2405F76476}
	EndGlobalSection
EndGlobal
